version = 1
revision = 3
requires-python = "==3.10.*"

[[package]]
name = "esmini-wrapper"
version = "0.1.0"
source = { virtual = "." }
dependencies = [
    { name = "pisa-api" },
]

[package.metadata]
requires-dist = [{ name = "pisa-api", git = "https://github.com/PISA-Hut/pisa-api.git" }]

[[package]]
name = "grpcio"
version = "1.80.0"
source = { registry = "https://pypi.org/simple" }
dependencies = [
    { name = "typing-extensions" },
]
sdist = { url = "https://files.pythonhosted.org/packages/b7/48/af6173dbca4454f4637a4678b67f52ca7e0c1ed7d5894d89d434fecede05/grpcio-1.80.0.tar.gz", hash = "sha256:29aca15edd0688c22ba01d7cc01cb000d72b2033f4a3c72a81a19b56fd143257", size = 12978905, upload-time = "2026-03-30T08:49:10.502Z" }
wheels = [
    { url = "https://files.pythonhosted.org/packages/9d/cd/bb7b7e54084a344c03d68144450da7ddd5564e51a298ae1662de65f48e2d/grpcio-1.80.0-cp310-cp310-linux_armv7l.whl", hash = "sha256:886457a7768e408cdce226ad1ca67d2958917d306523a0e21e1a2fdaa75c9c9c", size = 6050363, upload-time = "2026-03-30T08:46:20.894Z" },
    { url = "https://files.pythonhosted.org/packages/16/02/1417f5c3460dea65f7a2e3c14e8b31e77f7ffb730e9bfadd89eda7a9f477/grpcio-1.80.0-cp310-cp310-macosx_11_0_universal2.whl", hash = "sha256:7b641fc3f1dc647bfd80bd713addc68f6d145956f64677e56d9ebafc0bd72388", size = 12026037, upload-time = "2026-03-30T08:46:25.144Z" },
    { url = "https://files.pythonhosted.org/packages/43/98/c910254eedf2cae368d78336a2de0678e66a7317d27c02522392f949b5c6/grpcio-1.80.0-cp310-cp310-manylinux2014_aarch64.manylinux_2_17_aarch64.whl", hash = "sha256:33eb763f18f006dc7fee1e69831d38d23f5eccd15b2e0f92a13ee1d9242e5e02", size = 6602306, upload-time = "2026-03-30T08:46:27.593Z" },
    { url = "https://files.pythonhosted.org/packages/7c/f8/88ca4e78c077b2b2113d95da1e1ab43efd43d723c9a0397d26529c2c1a56/grpcio-1.80.0-cp310-cp310-manylinux2014_i686.manylinux_2_17_i686.whl", hash = "sha256:52d143637e3872633fc7dd7c3c6a1c84e396b359f3a72e215f8bf69fd82084fc", size = 7301535, upload-time = "2026-03-30T08:46:29.556Z" },
    { url = "https://files.pythonhosted.org/packages/f9/96/f28660fe2fe0f153288bf4a04e4910b7309d442395135c88ed4f5b3b8b40/grpcio-1.80.0-cp310-cp310-manylinux2014_x86_64.manylinux_2_17_x86_64.whl", hash = "sha256:c51bf8ac4575af2e0678bccfb07e47321fc7acb5049b4482832c5c195e04e13a", size = 6808669, upload-time = "2026-03-30T08:46:31.984Z" },
    { url = "https://files.pythonhosted.org/packages/47/eb/3f68a5e955779c00aeef23850e019c1c1d0e032d90633ba49c01ad5a96e0/grpcio-1.80.0-cp310-cp310-musllinux_1_2_aarch64.whl", hash = "sha256:50a9871536d71c4fba24ee856abc03a87764570f0c457dd8db0b4018f379fed9", size = 7409489, upload-time = "2026-03-30T08:46:34.684Z" },
    { url = "https://files.pythonhosted.org/packages/5b/a7/d2f681a4bfb881be40659a309771f3bdfbfdb1190619442816c3f0ffc079/grpcio-1.80.0-cp310-cp310-musllinux_1_2_i686.whl", hash = "sha256:a72d84ad0514db063e21887fbacd1fd7acb4d494a564cae22227cd45c7fbf199", size = 8423167, upload-time = "2026-03-30T08:46:36.833Z" },
    { url = "https://files.pythonhosted.org/packages/97/8a/29b4589c204959aa35ce5708400a05bba72181807c45c47b3ec000c39333/grpcio-1.80.0-cp310-cp310-musllinux_1_2_x86_64.whl", hash = "sha256:f7691a6788ad9196872f95716df5bc643ebba13c97140b7a5ee5c8e75d1dea81", size = 7846761, upload-time = "2026-03-30T08:46:40.091Z" },
    { url = "https://files.pythonhosted.org/packages/6b/d2/ed143e097230ee121ac5848f6ff14372dba91289b10b536d54fb1b7cbae7/grpcio-1.80.0-cp310-cp310-win32.whl", hash = "sha256:46c2390b59d67f84e882694d489f5b45707c657832d7934859ceb8c33f467069", size = 4156534, upload-time = "2026-03-30T08:46:42.026Z" },
    { url = "https://files.pythonhosted.org/packages/d5/c9/df8279bb49b29409995e95efa85b72973d62f8aeff89abee58c91f393710/grpcio-1.80.0-cp310-cp310-win_amd64.whl", hash = "sha256:dc053420fc75749c961e2a4c906398d7c15725d36ccc04ae6d16093167223b58", size = 4889869, upload-time = "2026-03-30T08:46:44.219Z" },
]

[[package]]
name = "pisa-api"
version = "0.1.20"
source = { git = "https://github.com/PISA-Hut/pisa-api.git#bb14503f4667cb53023470960a6608b055947fdd" }
dependencies = [
    { name = "grpcio" },
    { name = "protobuf" },
]

[[package]]
name = "protobuf"
version = "7.34.1"
source = { registry = "https://pypi.org/simple" }
sdist = { url = "https://files.pythonhosted.org/packages/6b/6b/a0e95cad1ad7cc3f2c6821fcab91671bd5b78bd42afb357bb4765f29bc41/protobuf-7.34.1.tar.gz", hash = "sha256:9ce42245e704cc5027be797c1db1eb93184d44d1cdd71811fb2d9b25ad541280", size = 454708, upload-time = "2026-03-20T17:34:47.036Z" }
wheels = [
    { url = "https://files.pythonhosted.org/packages/ec/11/3325d41e6ee15bf1125654301211247b042563bcc898784351252549a8ad/protobuf-7.34.1-cp310-abi3-macosx_10_9_universal2.whl", hash = "sha256:d8b2cc79c4d8f62b293ad9b11ec3aebce9af481fa73e64556969f7345ebf9fc7", size = 429247, upload-time = "2026-03-20T17:34:37.024Z" },
    { url = "https://files.pythonhosted.org/packages/eb/9d/aa69df2724ff63efa6f72307b483ce0827f4347cc6d6df24b59e26659fef/protobuf-7.34.1-cp310-abi3-manylinux2014_aarch64.whl", hash = "sha256:5185e0e948d07abe94bb76ec9b8416b604cfe5da6f871d67aad30cbf24c3110b", size = 325753, upload-time = "2026-03-20T17:34:38.751Z" },
    { url = "https://files.pythonhosted.org/packages/92/e8/d174c91fd48e50101943f042b09af9029064810b734e4160bbe282fa1caa/protobuf-7.34.1-cp310-abi3-manylinux2014_s390x.whl", hash = "sha256:403b093a6e28a960372b44e5eb081775c9b056e816a8029c61231743d63f881a", size = 340198, upload-time = "2026-03-20T17:34:39.871Z" },
    { url = "https://files.pythonhosted.org/packages/53/1b/3b431694a4dc6d37b9f653f0c64b0a0d9ec074ee810710c0c3da21d67ba7/protobuf-7.34.1-cp310-abi3-manylinux2014_x86_64.whl", hash = "sha256:8ff40ce8cd688f7265326b38d5a1bed9bfdf5e6723d49961432f83e21d5713e4", size = 324267, upload-time = "2026-03-20T17:34:41.1Z" },
    { url = "https://files.pythonhosted.org/packages/85/29/64de04a0ac142fb685fd09999bc3d337943fb386f3a0ec57f92fd8203f97/protobuf-7.34.1-cp310-abi3-win32.whl", hash = "sha256:34b84ce27680df7cca9f231043ada0daa55d0c44a2ddfaa58ec1d0d89d8bf60a", size = 426628, upload-time = "2026-03-20T17:34:42.536Z" },
    { url = "https://files.pythonhosted.org/packages/4d/87/cb5e585192a22b8bd457df5a2c16a75ea0db9674c3a0a39fc9347d84e075/protobuf-7.34.1-cp310-abi3-win_amd64.whl", hash = "sha256:e97b55646e6ce5cbb0954a8c28cd39a5869b59090dfaa7df4598a7fba869468c", size = 437901, upload-time = "2026-03-20T17:34:44.112Z" },
    { url = "https://files.pythonhosted.org/packages/88/95/608f665226bca68b736b79e457fded9a2a38c4f4379a4a7614303d9db3bc/protobuf-7.34.1-py3-none-any.whl", hash = "sha256:bb3812cd53aefea2b028ef42bd780f5b96407247f20c6ef7c679807e9d188f11", size = 170715, upload-time = "2026-03-20T17:34:45.384Z" },
]

[[package]]
name = "typing-extensions"
version = "4.15.0"
source = { registry = "https://pypi.org/simple" }
sdist = { url = "https://files.pythonhosted.org/packages/72/94/1a15dd82efb362ac84269196e94cf00f187f7ed21c242792a923cdb1c61f/typing_extensions-4.15.0.tar.gz", hash = "sha256:0cea48d173cc12fa28ecabc3b837ea3cf6f38c6d1136f85cbaaf598984861466", size = 109391, upload-time = "2025-08-25T13:49:26.313Z" }
wheels = [
    { url = "https://files.pythonhosted.org/packages/18/67/36e9267722cc04a6b9f15c7f3441c2363321a3ea07da7ae0c0707beb2a9c/typing_extensions-4.15.0-py3-none-any.whl", hash = "sha256:f0fa19c6845758ab08074a0cfa8b7aecb71c999ca73d62883bc25cc018c4e548", size = 44614, upload-time = "2025-08-25T13:49:24.86Z" },
]
